
Microsoft Visual Studio Solution File, Format Version 12.00
# Visual Studio Version 17
VisualStudioVersion = 17.2.32630.192
MinimumVisualStudioVersion = 10.0.40219.1
Project("{FAE04EC0-301F-11D3-BF4B-00C04F79EFBC}") = "TESTCS", "TESTCS.csproj", "{0D161054-4617-434C-A3C2-53C30C1E12A2}"
EndProject
Global
	GlobalSection(SolutionConfigurationPlatforms) = preSolution
		Debug|Any CPU = Debug|Any CPU
		Release|Any CPU = Release|Any CPU
	EndGlobalSection
	GlobalSection(ProjectConfigurationPlatforms) = postSolution
		{0D161054-4617-434C-A3C2-53C30C1E12A2}.Debug|Any CPU.ActiveCfg = Debug|Any CPU
		{0D161054-4617-434C-A3C2-53C30C1E12A2}.Debug|Any CPU.Build.0 = Debug|Any CPU
		{0D161054-4617-434C-A3C2-53C30C1E12A2}.Release|Any CPU.ActiveCfg = Release|Any CPU
		{0D161054-4617-434C-A3C2-53C30C1E12A2}.Release|Any CPU.Build.0 = Release|Any CPU
	EndGlobalSection
	GlobalSection(SolutionProperties) = preSolution
		HideSolutionNode = FALSE
	EndGlobalSection
	GlobalSection(ExtensibilityGlobals) = postSolution
		SolutionGuid = {33D67EAD-7BA5-4780-A73A-0C73FFC1E4E3}
	EndGlobalSection
EndGlobal
