
Microsoft Visual Studio Solution File, Format Version 12.00
# Visual Studio Version 16
VisualStudioVersion = 16.0.33328.57
MinimumVisualStudioVersion = 10.0.40219.1
Project("{FAE04EC0-301F-11D3-BF4B-00C04F79EFBC}") = "Demo_24_25", "Demo_24_25\Demo_24_25.csproj", "{D05FEBF2-A60C-4E49-8086-6E98092C8782}"
EndProject
Global
	GlobalSection(SolutionConfigurationPlatforms) = preSolution
		Debug|Any CPU = Debug|Any CPU
		Release|Any CPU = Release|Any CPU
	EndGlobalSection
	GlobalSection(ProjectConfigurationPlatforms) = postSolution
		{D05FEBF2-A60C-4E49-8086-6E98092C8782}.Debug|Any CPU.ActiveCfg = Debug|Any CPU
		{D05FEBF2-A60C-4E49-8086-6E98092C8782}.Debug|Any CPU.Build.0 = Debug|Any CPU
		{D05FEBF2-A60C-4E49-8086-6E98092C8782}.Release|Any CPU.ActiveCfg = Release|Any CPU
		{D05FEBF2-A60C-4E49-8086-6E98092C8782}.Release|Any CPU.Build.0 = Release|Any CPU
	EndGlobalSection
	GlobalSection(SolutionProperties) = preSolution
		HideSolutionNode = FALSE
	EndGlobalSection
	GlobalSection(ExtensibilityGlobals) = postSolution
		SolutionGuid = {58A9AD48-8EFD-4F73-9C6A-CD9EF0A02202}
	EndGlobalSection
EndGlobal
